
Microsoft Visual Studio Solution File, Format Version 12.00
# Visual Studio 15
VisualStudioVersion = 15.0.26430.4
MinimumVisualStudioVersion = 10.0.40219.1
Project("{E24C65DC-7377-472B-9ABA-BC803B73C61A}") = "http://dev.padelma.infos.com", "http://dev.padelma.infos.com", "{D5C72178-067E-4E81-893A-0E13442FC42B}"
	ProjectSection(WebsiteProperties) = preProject
		UseIISExpress = "false"
		TargetFrameworkMoniker = ".NETFramework,Version%3Dv4.0"
		Debug.AspNetCompiler.VirtualPath = "/dev.padelma.infos.com"
		Debug.AspNetCompiler.PhysicalPath = "InfosPadelma\"
		Debug.AspNetCompiler.TargetPath = "PrecompiledWeb\dev.padelma.infos.com\"
		Debug.AspNetCompiler.Updateable = "true"
		Debug.AspNetCompiler.ForceOverwrite = "true"
		Debug.AspNetCompiler.FixedNames = "false"
		Debug.AspNetCompiler.Debug = "True"
		Release.AspNetCompiler.VirtualPath = "/dev.padelma.infos.com"
		Release.AspNetCompiler.PhysicalPath = "InfosPadelma\"
		Release.AspNetCompiler.TargetPath = "PrecompiledWeb\dev.padelma.infos.com\"
		Release.AspNetCompiler.Updateable = "true"
		Release.AspNetCompiler.ForceOverwrite = "true"
		Release.AspNetCompiler.FixedNames = "false"
		Release.AspNetCompiler.Debug = "False"
		SlnRelativePath = "InfosPadelma\"
	EndProjectSection
EndProject
Project("{E24C65DC-7377-472B-9ABA-BC803B73C61A}") = "NominaInfos", "http://dev.padelma.infos.com/NominaInfos", "{C6DFDEAF-A302-4A5C-B5ED-5D8CB9CDA1D7}"
	ProjectSection(WebsiteProperties) = preProject
		UseIISExpress = "false"
		TargetFrameworkMoniker = ".NETFramework,Version%3Dv4.5"
		Debug.AspNetCompiler.VirtualPath = "/NominaInfos"
		Debug.AspNetCompiler.PhysicalPath = "InfosPadelma\NominaInfos\"
		Debug.AspNetCompiler.TargetPath = "PrecompiledWeb\NominaInfos\"
		Debug.AspNetCompiler.Updateable = "true"
		Debug.AspNetCompiler.ForceOverwrite = "true"
		Debug.AspNetCompiler.FixedNames = "false"
		Debug.AspNetCompiler.Debug = "True"
		Release.AspNetCompiler.VirtualPath = "/NominaInfos"
		Release.AspNetCompiler.PhysicalPath = "InfosPadelma\NominaInfos\"
		Release.AspNetCompiler.TargetPath = "PrecompiledWeb\NominaInfos\"
		Release.AspNetCompiler.Updateable = "true"
		Release.AspNetCompiler.ForceOverwrite = "true"
		Release.AspNetCompiler.FixedNames = "false"
		Release.AspNetCompiler.Debug = "False"
		SlnRelativePath = "InfosPadelma\NominaInfos\"
	EndProjectSection
EndProject
Project("{00D1A9C2-B5F0-4AF3-8072-F6C62B433612}") = "InfosPadelmaDB", "InfosPadelmaBD\InfosPadelmaDB.sqlproj", "{7916B609-F260-4232-92D7-6374C8C41897}"
EndProject
Global
	GlobalSection(SolutionConfigurationPlatforms) = preSolution
		Debug|Any CPU = Debug|Any CPU
		Release|Any CPU = Release|Any CPU
	EndGlobalSection
	GlobalSection(ProjectConfigurationPlatforms) = postSolution
		{D5C72178-067E-4E81-893A-0E13442FC42B}.Debug|Any CPU.ActiveCfg = Debug|Any CPU
		{D5C72178-067E-4E81-893A-0E13442FC42B}.Debug|Any CPU.Build.0 = Debug|Any CPU
		{D5C72178-067E-4E81-893A-0E13442FC42B}.Release|Any CPU.ActiveCfg = Debug|Any CPU
		{D5C72178-067E-4E81-893A-0E13442FC42B}.Release|Any CPU.Build.0 = Debug|Any CPU
		{C6DFDEAF-A302-4A5C-B5ED-5D8CB9CDA1D7}.Debug|Any CPU.ActiveCfg = Debug|Any CPU
		{C6DFDEAF-A302-4A5C-B5ED-5D8CB9CDA1D7}.Debug|Any CPU.Build.0 = Debug|Any CPU
		{C6DFDEAF-A302-4A5C-B5ED-5D8CB9CDA1D7}.Release|Any CPU.ActiveCfg = Debug|Any CPU
		{C6DFDEAF-A302-4A5C-B5ED-5D8CB9CDA1D7}.Release|Any CPU.Build.0 = Debug|Any CPU
		{7916B609-F260-4232-92D7-6374C8C41897}.Debug|Any CPU.ActiveCfg = Debug|Any CPU
		{7916B609-F260-4232-92D7-6374C8C41897}.Debug|Any CPU.Build.0 = Debug|Any CPU
		{7916B609-F260-4232-92D7-6374C8C41897}.Debug|Any CPU.Deploy.0 = Debug|Any CPU
		{7916B609-F260-4232-92D7-6374C8C41897}.Release|Any CPU.ActiveCfg = Release|Any CPU
		{7916B609-F260-4232-92D7-6374C8C41897}.Release|Any CPU.Build.0 = Release|Any CPU
		{7916B609-F260-4232-92D7-6374C8C41897}.Release|Any CPU.Deploy.0 = Release|Any CPU
	EndGlobalSection
	GlobalSection(SolutionProperties) = preSolution
		HideSolutionNode = FALSE
	EndGlobalSection
EndGlobal
