
Microsoft Visual Studio Solution File, Format Version 12.00
# Visual Studio 14
VisualStudioVersion = 14.0.25420.1
MinimumVisualStudioVersion = 10.0.40219.1
Project("{00D1A9C2-B5F0-4AF3-8072-F6C62B433612}") = "Infos.Padelma.DB", "Infos.Padelma.BD\Infos.Padelma.DB.sqlproj", "{7916B609-F260-4232-92D7-6374C8C41897}"
EndProject
Project("{FAE04EC0-301F-11D3-BF4B-00C04F79EFBC}") = "NominaInfos", "Infos.Padelma.Web\NominaInfos\NominaInfos.csproj", "{82F658F1-45D7-4039-A897-E99AF54F3096}"
EndProject
Project("{E24C65DC-7377-472B-9ABA-BC803B73C61A}") = "SecurityWS", "http://dev.padelma.infos.com/SecurityWS", "{2044F88C-5E4F-4AF3-8F61-E81919260DFE}"
	ProjectSection(WebsiteProperties) = preProject
		UseIISExpress = "false"
		TargetFrameworkMoniker = ".NETFramework,Version%3Dv4.5"
		Debug.AspNetCompiler.VirtualPath = "/SecurityWS"
		Debug.AspNetCompiler.PhysicalPath = "Infos.Padelma.Web\SecurityWS\"
		Debug.AspNetCompiler.TargetPath = "PrecompiledWeb\SecurityWS\"
		Debug.AspNetCompiler.Updateable = "true"
		Debug.AspNetCompiler.ForceOverwrite = "true"
		Debug.AspNetCompiler.FixedNames = "false"
		Debug.AspNetCompiler.Debug = "True"
		Release.AspNetCompiler.VirtualPath = "/SecurityWS"
		Release.AspNetCompiler.PhysicalPath = "Infos.Padelma.Web\SecurityWS\"
		Release.AspNetCompiler.TargetPath = "PrecompiledWeb\SecurityWS\"
		Release.AspNetCompiler.Updateable = "true"
		Release.AspNetCompiler.ForceOverwrite = "true"
		Release.AspNetCompiler.FixedNames = "false"
		Release.AspNetCompiler.Debug = "False"
		SlnRelativePath = "Infos.Padelma.Web\SecurityWS\"
	EndProjectSection
EndProject
Project("{E24C65DC-7377-472B-9ABA-BC803B73C61A}") = "AccesoDatosWS", "http://dev.padelma.infos.com/AccesoDatosWS", "{40F8D6D1-5CD5-415A-BE16-7E2147A176ED}"
	ProjectSection(WebsiteProperties) = preProject
		UseIISExpress = "false"
		TargetFrameworkMoniker = ".NETFramework,Version%3Dv4.5"
		Debug.AspNetCompiler.VirtualPath = "/AccesoDatosWS"
		Debug.AspNetCompiler.PhysicalPath = "Infos.Padelma.Web\AccesoDatosWS\"
		Debug.AspNetCompiler.TargetPath = "PrecompiledWeb\AccesoDatosWS\"
		Debug.AspNetCompiler.Updateable = "true"
		Debug.AspNetCompiler.ForceOverwrite = "true"
		Debug.AspNetCompiler.FixedNames = "false"
		Debug.AspNetCompiler.Debug = "True"
		Release.AspNetCompiler.VirtualPath = "/AccesoDatosWS"
		Release.AspNetCompiler.PhysicalPath = "Infos.Padelma.Web\AccesoDatosWS\"
		Release.AspNetCompiler.TargetPath = "PrecompiledWeb\AccesoDatosWS\"
		Release.AspNetCompiler.Updateable = "true"
		Release.AspNetCompiler.ForceOverwrite = "true"
		Release.AspNetCompiler.FixedNames = "false"
		Release.AspNetCompiler.Debug = "False"
		SlnRelativePath = "Infos.Padelma.Web\AccesoDatosWS\"
	EndProjectSection
EndProject
Project("{F14B399A-7131-4C87-9E4B-1186C45EF12D}") = "Infos.Padelma.ReportService", "Infos.Padelma.ReportService\Infos.Padelma.ReportService.rptproj", "{CA17AA40-C6AA-4C9A-BEA5-F7D7853E17B0}"
EndProject
Global
	GlobalSection(SolutionConfigurationPlatforms) = preSolution
		Debug|Any CPU = Debug|Any CPU
		DebugLocal|Any CPU = DebugLocal|Any CPU
		Release|Any CPU = Release|Any CPU
	EndGlobalSection
	GlobalSection(ProjectConfigurationPlatforms) = postSolution
		{7916B609-F260-4232-92D7-6374C8C41897}.Debug|Any CPU.ActiveCfg = Debug|Any CPU
		{7916B609-F260-4232-92D7-6374C8C41897}.Debug|Any CPU.Build.0 = Debug|Any CPU
		{7916B609-F260-4232-92D7-6374C8C41897}.Debug|Any CPU.Deploy.0 = Debug|Any CPU
		{7916B609-F260-4232-92D7-6374C8C41897}.DebugLocal|Any CPU.ActiveCfg = Debug|Any CPU
		{7916B609-F260-4232-92D7-6374C8C41897}.Release|Any CPU.ActiveCfg = Release|Any CPU
		{7916B609-F260-4232-92D7-6374C8C41897}.Release|Any CPU.Build.0 = Release|Any CPU
		{7916B609-F260-4232-92D7-6374C8C41897}.Release|Any CPU.Deploy.0 = Release|Any CPU
		{82F658F1-45D7-4039-A897-E99AF54F3096}.Debug|Any CPU.ActiveCfg = Debug|Any CPU
		{82F658F1-45D7-4039-A897-E99AF54F3096}.Debug|Any CPU.Build.0 = Debug|Any CPU
		{82F658F1-45D7-4039-A897-E99AF54F3096}.DebugLocal|Any CPU.ActiveCfg = Debug|Any CPU
		{82F658F1-45D7-4039-A897-E99AF54F3096}.DebugLocal|Any CPU.Build.0 = Debug|Any CPU
		{82F658F1-45D7-4039-A897-E99AF54F3096}.Release|Any CPU.ActiveCfg = Release|Any CPU
		{82F658F1-45D7-4039-A897-E99AF54F3096}.Release|Any CPU.Build.0 = Release|Any CPU
		{2044F88C-5E4F-4AF3-8F61-E81919260DFE}.Debug|Any CPU.ActiveCfg = Debug|Any CPU
		{2044F88C-5E4F-4AF3-8F61-E81919260DFE}.Debug|Any CPU.Build.0 = Debug|Any CPU
		{2044F88C-5E4F-4AF3-8F61-E81919260DFE}.DebugLocal|Any CPU.ActiveCfg = Debug|Any CPU
		{2044F88C-5E4F-4AF3-8F61-E81919260DFE}.DebugLocal|Any CPU.Build.0 = Debug|Any CPU
		{2044F88C-5E4F-4AF3-8F61-E81919260DFE}.Release|Any CPU.ActiveCfg = Debug|Any CPU
		{2044F88C-5E4F-4AF3-8F61-E81919260DFE}.Release|Any CPU.Build.0 = Debug|Any CPU
		{40F8D6D1-5CD5-415A-BE16-7E2147A176ED}.Debug|Any CPU.ActiveCfg = Debug|Any CPU
		{40F8D6D1-5CD5-415A-BE16-7E2147A176ED}.Debug|Any CPU.Build.0 = Debug|Any CPU
		{40F8D6D1-5CD5-415A-BE16-7E2147A176ED}.DebugLocal|Any CPU.ActiveCfg = Debug|Any CPU
		{40F8D6D1-5CD5-415A-BE16-7E2147A176ED}.DebugLocal|Any CPU.Build.0 = Debug|Any CPU
		{40F8D6D1-5CD5-415A-BE16-7E2147A176ED}.Release|Any CPU.ActiveCfg = Debug|Any CPU
		{40F8D6D1-5CD5-415A-BE16-7E2147A176ED}.Release|Any CPU.Build.0 = Debug|Any CPU
		{CA17AA40-C6AA-4C9A-BEA5-F7D7853E17B0}.Debug|Any CPU.ActiveCfg = Debug
		{CA17AA40-C6AA-4C9A-BEA5-F7D7853E17B0}.Debug|Any CPU.Build.0 = Debug
		{CA17AA40-C6AA-4C9A-BEA5-F7D7853E17B0}.Debug|Any CPU.Deploy.0 = Debug
		{CA17AA40-C6AA-4C9A-BEA5-F7D7853E17B0}.DebugLocal|Any CPU.ActiveCfg = DebugLocal
		{CA17AA40-C6AA-4C9A-BEA5-F7D7853E17B0}.DebugLocal|Any CPU.Build.0 = DebugLocal
		{CA17AA40-C6AA-4C9A-BEA5-F7D7853E17B0}.Release|Any CPU.ActiveCfg = Release
		{CA17AA40-C6AA-4C9A-BEA5-F7D7853E17B0}.Release|Any CPU.Build.0 = Release
		{CA17AA40-C6AA-4C9A-BEA5-F7D7853E17B0}.Release|Any CPU.Deploy.0 = Release
	EndGlobalSection
	GlobalSection(SolutionProperties) = preSolution
		HideSolutionNode = FALSE
	EndGlobalSection
	GlobalSection(ExtensibilityGlobals) = postSolution
		EnterpriseLibraryConfigurationToolBinariesPathV6 = packages\EnterpriseLibrary.Common.6.0.1304.0\lib\NET45;packages\EnterpriseLibrary.Data.6.0.1304.0\lib\NET45
	EndGlobalSection
EndGlobal
