
Microsoft Visual Studio Solution File, Format Version 12.00
# Visual Studio 14
VisualStudioVersion = 14.0.25420.1
MinimumVisualStudioVersion = 10.0.40219.1
Project("{00D1A9C2-B5F0-4AF3-8072-F6C62B433612}") = "Infos.Padelma.DB", "Infos.Padelma.BD\Infos.Padelma.DB.sqlproj", "{7916B609-F260-4232-92D7-6374C8C41897}"
EndProject
Project("{F14B399A-7131-4C87-9E4B-1186C45EF12D}") = "Infos.Padelma.ReportService", "Infos.Padelma.ReportService\Infos.Padelma.ReportService.rptproj", "{CA17AA40-C6AA-4C9A-BEA5-F7D7853E17B0}"
EndProject
Project("{E24C65DC-7377-472B-9ABA-BC803B73C61A}") = "http://dev.padelma.infos.com", "http://dev.padelma.infos.com", "{853D30C9-E750-485E-B76A-B2F37C073436}"
	ProjectSection(WebsiteProperties) = preProject
		UseIISExpress = "false"
		TargetFrameworkMoniker = ".NETFramework,Version%3Dv4.5"
		Debug.AspNetCompiler.VirtualPath = "/dev.padelma.infos.com"
		Debug.AspNetCompiler.PhysicalPath = "Infos.Padelma.Web\"
		Debug.AspNetCompiler.TargetPath = "PrecompiledWeb\dev.padelma.infos.com\"
		Debug.AspNetCompiler.Updateable = "true"
		Debug.AspNetCompiler.ForceOverwrite = "true"
		Debug.AspNetCompiler.FixedNames = "false"
		Debug.AspNetCompiler.Debug = "True"
		Release.AspNetCompiler.VirtualPath = "/dev.padelma.infos.com"
		Release.AspNetCompiler.PhysicalPath = "Infos.Padelma.Web\"
		Release.AspNetCompiler.TargetPath = "PrecompiledWeb\dev.padelma.infos.com\"
		Release.AspNetCompiler.Updateable = "true"
		Release.AspNetCompiler.ForceOverwrite = "true"
		Release.AspNetCompiler.FixedNames = "false"
		Release.AspNetCompiler.Debug = "False"
		SlnRelativePath = "Infos.Padelma.Web\"
	EndProjectSection
EndProject
Project("{E24C65DC-7377-472B-9ABA-BC803B73C61A}") = "AccesoDatosWS", "http://dev.padelma.infos.com/AccesoDatosWS", "{40F8D6D1-5CD5-415A-BE16-7E2147A176ED}"
	ProjectSection(WebsiteProperties) = preProject
		UseIISExpress = "false"
		TargetFrameworkMoniker = ".NETFramework,Version%3Dv4.5"
		Debug.AspNetCompiler.VirtualPath = "/AccesoDatosWS"
		Debug.AspNetCompiler.PhysicalPath = "Infos.Padelma.Web\AccesoDatosWS\"
		Debug.AspNetCompiler.TargetPath = "PrecompiledWeb\AccesoDatosWS\"
		Debug.AspNetCompiler.Updateable = "true"
		Debug.AspNetCompiler.ForceOverwrite = "true"
		Debug.AspNetCompiler.FixedNames = "false"
		Debug.AspNetCompiler.Debug = "True"
		Release.AspNetCompiler.VirtualPath = "/AccesoDatosWS"
		Release.AspNetCompiler.PhysicalPath = "Infos.Padelma.Web\AccesoDatosWS\"
		Release.AspNetCompiler.TargetPath = "PrecompiledWeb\AccesoDatosWS\"
		Release.AspNetCompiler.Updateable = "true"
		Release.AspNetCompiler.ForceOverwrite = "true"
		Release.AspNetCompiler.FixedNames = "false"
		Release.AspNetCompiler.Debug = "False"
		SlnRelativePath = "Infos.Padelma.Web\AccesoDatosWS\"
	EndProjectSection
EndProject
Project("{E24C65DC-7377-472B-9ABA-BC803B73C61A}") = "AdministracionInfos", "http://dev.padelma.infos.com/AdministracionInfos", "{4B997241-075E-4B08-B89E-D457EF69B056}"
	ProjectSection(WebsiteProperties) = preProject
		UseIISExpress = "false"
		TargetFrameworkMoniker = ".NETFramework,Version%3Dv4.5"
		Debug.AspNetCompiler.VirtualPath = "/AdministracionInfos"
		Debug.AspNetCompiler.PhysicalPath = "Infos.Padelma.Web\AdministracionInfos\"
		Debug.AspNetCompiler.TargetPath = "PrecompiledWeb\AdministracionInfos\"
		Debug.AspNetCompiler.Updateable = "true"
		Debug.AspNetCompiler.ForceOverwrite = "true"
		Debug.AspNetCompiler.FixedNames = "false"
		Debug.AspNetCompiler.Debug = "True"
		Release.AspNetCompiler.VirtualPath = "/AdministracionInfos"
		Release.AspNetCompiler.PhysicalPath = "Infos.Padelma.Web\AdministracionInfos\"
		Release.AspNetCompiler.TargetPath = "PrecompiledWeb\AdministracionInfos\"
		Release.AspNetCompiler.Updateable = "true"
		Release.AspNetCompiler.ForceOverwrite = "true"
		Release.AspNetCompiler.FixedNames = "false"
		Release.AspNetCompiler.Debug = "False"
		SlnRelativePath = "Infos.Padelma.Web\AdministracionInfos\"
	EndProjectSection
EndProject
Project("{E24C65DC-7377-472B-9ABA-BC803B73C61A}") = "AgronomicoInfos", "http://dev.padelma.infos.com/AgronomicoInfos", "{15054C82-F9F7-4986-8CAA-12EEBFBDA75D}"
	ProjectSection(WebsiteProperties) = preProject
		UseIISExpress = "false"
		TargetFrameworkMoniker = ".NETFramework,Version%3Dv4.5"
		Debug.AspNetCompiler.VirtualPath = "/AgronomicoInfos"
		Debug.AspNetCompiler.PhysicalPath = "Infos.Padelma.Web\AgronomicoInfos\"
		Debug.AspNetCompiler.TargetPath = "PrecompiledWeb\AgronomicoInfos\"
		Debug.AspNetCompiler.Updateable = "true"
		Debug.AspNetCompiler.ForceOverwrite = "true"
		Debug.AspNetCompiler.FixedNames = "false"
		Debug.AspNetCompiler.Debug = "True"
		Release.AspNetCompiler.VirtualPath = "/AgronomicoInfos"
		Release.AspNetCompiler.PhysicalPath = "Infos.Padelma.Web\AgronomicoInfos\"
		Release.AspNetCompiler.TargetPath = "PrecompiledWeb\AgronomicoInfos\"
		Release.AspNetCompiler.Updateable = "true"
		Release.AspNetCompiler.ForceOverwrite = "true"
		Release.AspNetCompiler.FixedNames = "false"
		Release.AspNetCompiler.Debug = "False"
		SlnRelativePath = "Infos.Padelma.Web\AgronomicoInfos\"
	EndProjectSection
EndProject
Project("{E24C65DC-7377-472B-9ABA-BC803B73C61A}") = "AlmacenInfos", "http://dev.padelma.infos.com/AlmacenInfos", "{C8C03350-D3C6-4D3A-AF86-FBED1ADD0634}"
	ProjectSection(WebsiteProperties) = preProject
		UseIISExpress = "false"
		TargetFrameworkMoniker = ".NETFramework,Version%3Dv4.5"
		Debug.AspNetCompiler.VirtualPath = "/AlmacenInfos"
		Debug.AspNetCompiler.PhysicalPath = "Infos.Padelma.Web\AlmacenInfos\"
		Debug.AspNetCompiler.TargetPath = "PrecompiledWeb\AlmacenInfos\"
		Debug.AspNetCompiler.Updateable = "true"
		Debug.AspNetCompiler.ForceOverwrite = "true"
		Debug.AspNetCompiler.FixedNames = "false"
		Debug.AspNetCompiler.Debug = "True"
		Release.AspNetCompiler.VirtualPath = "/AlmacenInfos"
		Release.AspNetCompiler.PhysicalPath = "Infos.Padelma.Web\AlmacenInfos\"
		Release.AspNetCompiler.TargetPath = "PrecompiledWeb\AlmacenInfos\"
		Release.AspNetCompiler.Updateable = "true"
		Release.AspNetCompiler.ForceOverwrite = "true"
		Release.AspNetCompiler.FixedNames = "false"
		Release.AspNetCompiler.Debug = "False"
		SlnRelativePath = "Infos.Padelma.Web\AlmacenInfos\"
	EndProjectSection
EndProject
Project("{E24C65DC-7377-472B-9ABA-BC803B73C61A}") = "BasculaInfos", "http://dev.padelma.infos.com/BasculaInfos", "{E9A1A1A4-32A0-47BD-A393-85C0561BE34C}"
	ProjectSection(WebsiteProperties) = preProject
		UseIISExpress = "false"
		TargetFrameworkMoniker = ".NETFramework,Version%3Dv4.5"
		Debug.AspNetCompiler.VirtualPath = "/BasculaInfos"
		Debug.AspNetCompiler.PhysicalPath = "Infos.Padelma.Web\BasculaInfos\"
		Debug.AspNetCompiler.TargetPath = "PrecompiledWeb\BasculaInfos\"
		Debug.AspNetCompiler.Updateable = "true"
		Debug.AspNetCompiler.ForceOverwrite = "true"
		Debug.AspNetCompiler.FixedNames = "false"
		Debug.AspNetCompiler.Debug = "True"
		Release.AspNetCompiler.VirtualPath = "/BasculaInfos"
		Release.AspNetCompiler.PhysicalPath = "Infos.Padelma.Web\BasculaInfos\"
		Release.AspNetCompiler.TargetPath = "PrecompiledWeb\BasculaInfos\"
		Release.AspNetCompiler.Updateable = "true"
		Release.AspNetCompiler.ForceOverwrite = "true"
		Release.AspNetCompiler.FixedNames = "false"
		Release.AspNetCompiler.Debug = "False"
		SlnRelativePath = "Infos.Padelma.Web\BasculaInfos\"
	EndProjectSection
EndProject
Project("{E24C65DC-7377-472B-9ABA-BC803B73C61A}") = "ComprasInfos", "http://dev.padelma.infos.com/ComprasInfos", "{D196DAC0-9918-4A26-AF83-EB2EBB974C54}"
	ProjectSection(WebsiteProperties) = preProject
		UseIISExpress = "false"
		TargetFrameworkMoniker = ".NETFramework,Version%3Dv4.5"
		Debug.AspNetCompiler.VirtualPath = "/ComprasInfos"
		Debug.AspNetCompiler.PhysicalPath = "Infos.Padelma.Web\ComprasInfos\"
		Debug.AspNetCompiler.TargetPath = "PrecompiledWeb\ComprasInfos\"
		Debug.AspNetCompiler.Updateable = "true"
		Debug.AspNetCompiler.ForceOverwrite = "true"
		Debug.AspNetCompiler.FixedNames = "false"
		Debug.AspNetCompiler.Debug = "True"
		Release.AspNetCompiler.VirtualPath = "/ComprasInfos"
		Release.AspNetCompiler.PhysicalPath = "Infos.Padelma.Web\ComprasInfos\"
		Release.AspNetCompiler.TargetPath = "PrecompiledWeb\ComprasInfos\"
		Release.AspNetCompiler.Updateable = "true"
		Release.AspNetCompiler.ForceOverwrite = "true"
		Release.AspNetCompiler.FixedNames = "false"
		Release.AspNetCompiler.Debug = "False"
		SlnRelativePath = "Infos.Padelma.Web\ComprasInfos\"
	EndProjectSection
EndProject
Project("{E24C65DC-7377-472B-9ABA-BC803B73C61A}") = "ContabilidadInfos", "http://dev.padelma.infos.com/ContabilidadInfos", "{CD30D8FC-4560-48E3-A7DF-DAF885629CEF}"
	ProjectSection(WebsiteProperties) = preProject
		UseIISExpress = "false"
		TargetFrameworkMoniker = ".NETFramework,Version%3Dv4.5"
		Debug.AspNetCompiler.VirtualPath = "/ContabilidadInfos"
		Debug.AspNetCompiler.PhysicalPath = "Infos.Padelma.Web\ContabilidadInfos\"
		Debug.AspNetCompiler.TargetPath = "PrecompiledWeb\ContabilidadInfos\"
		Debug.AspNetCompiler.Updateable = "true"
		Debug.AspNetCompiler.ForceOverwrite = "true"
		Debug.AspNetCompiler.FixedNames = "false"
		Debug.AspNetCompiler.Debug = "True"
		Release.AspNetCompiler.VirtualPath = "/ContabilidadInfos"
		Release.AspNetCompiler.PhysicalPath = "Infos.Padelma.Web\ContabilidadInfos\"
		Release.AspNetCompiler.TargetPath = "PrecompiledWeb\ContabilidadInfos\"
		Release.AspNetCompiler.Updateable = "true"
		Release.AspNetCompiler.ForceOverwrite = "true"
		Release.AspNetCompiler.FixedNames = "false"
		Release.AspNetCompiler.Debug = "False"
		SlnRelativePath = "Infos.Padelma.Web\ContabilidadInfos\"
	EndProjectSection
EndProject
Project("{E24C65DC-7377-472B-9ABA-BC803B73C61A}") = "ContaInfos", "http://dev.padelma.infos.com/ContaInfos", "{99C0BBC2-7113-49DC-99C5-15D8A352C513}"
	ProjectSection(WebsiteProperties) = preProject
		UseIISExpress = "false"
		TargetFrameworkMoniker = ".NETFramework,Version%3Dv4.5"
		Debug.AspNetCompiler.VirtualPath = "/ContaInfos"
		Debug.AspNetCompiler.PhysicalPath = "Infos.Padelma.Web\ContaInfos\"
		Debug.AspNetCompiler.TargetPath = "PrecompiledWeb\ContaInfos\"
		Debug.AspNetCompiler.Updateable = "true"
		Debug.AspNetCompiler.ForceOverwrite = "true"
		Debug.AspNetCompiler.FixedNames = "false"
		Debug.AspNetCompiler.Debug = "True"
		Release.AspNetCompiler.VirtualPath = "/ContaInfos"
		Release.AspNetCompiler.PhysicalPath = "Infos.Padelma.Web\ContaInfos\"
		Release.AspNetCompiler.TargetPath = "PrecompiledWeb\ContaInfos\"
		Release.AspNetCompiler.Updateable = "true"
		Release.AspNetCompiler.ForceOverwrite = "true"
		Release.AspNetCompiler.FixedNames = "false"
		Release.AspNetCompiler.Debug = "False"
		SlnRelativePath = "Infos.Padelma.Web\ContaInfos\"
	EndProjectSection
EndProject
Project("{E24C65DC-7377-472B-9ABA-BC803B73C61A}") = "LaboratorioInfos", "http://dev.padelma.infos.com/LaboratorioInfos", "{086FC885-2CEC-44C3-9984-7AB9FF46850B}"
	ProjectSection(WebsiteProperties) = preProject
		UseIISExpress = "false"
		TargetFrameworkMoniker = ".NETFramework,Version%3Dv4.5"
		Debug.AspNetCompiler.VirtualPath = "/LaboratorioInfos"
		Debug.AspNetCompiler.PhysicalPath = "Infos.Padelma.Web\LaboratorioInfos\"
		Debug.AspNetCompiler.TargetPath = "PrecompiledWeb\LaboratorioInfos\"
		Debug.AspNetCompiler.Updateable = "true"
		Debug.AspNetCompiler.ForceOverwrite = "true"
		Debug.AspNetCompiler.FixedNames = "false"
		Debug.AspNetCompiler.Debug = "True"
		Release.AspNetCompiler.VirtualPath = "/LaboratorioInfos"
		Release.AspNetCompiler.PhysicalPath = "Infos.Padelma.Web\LaboratorioInfos\"
		Release.AspNetCompiler.TargetPath = "PrecompiledWeb\LaboratorioInfos\"
		Release.AspNetCompiler.Updateable = "true"
		Release.AspNetCompiler.ForceOverwrite = "true"
		Release.AspNetCompiler.FixedNames = "false"
		Release.AspNetCompiler.Debug = "False"
		SlnRelativePath = "Infos.Padelma.Web\LaboratorioInfos\"
	EndProjectSection
EndProject
Project("{E24C65DC-7377-472B-9ABA-BC803B73C61A}") = "LogisticaInfos", "http://dev.padelma.infos.com/LogisticaInfos", "{99F45C10-CA7A-4444-A3F8-9806D3C61015}"
	ProjectSection(WebsiteProperties) = preProject
		UseIISExpress = "false"
		TargetFrameworkMoniker = ".NETFramework,Version%3Dv4.5"
		Debug.AspNetCompiler.VirtualPath = "/LogisticaInfos"
		Debug.AspNetCompiler.PhysicalPath = "Infos.Padelma.Web\LogisticaInfos\"
		Debug.AspNetCompiler.TargetPath = "PrecompiledWeb\LogisticaInfos\"
		Debug.AspNetCompiler.Updateable = "true"
		Debug.AspNetCompiler.ForceOverwrite = "true"
		Debug.AspNetCompiler.FixedNames = "false"
		Debug.AspNetCompiler.Debug = "True"
		Release.AspNetCompiler.VirtualPath = "/LogisticaInfos"
		Release.AspNetCompiler.PhysicalPath = "Infos.Padelma.Web\LogisticaInfos\"
		Release.AspNetCompiler.TargetPath = "PrecompiledWeb\LogisticaInfos\"
		Release.AspNetCompiler.Updateable = "true"
		Release.AspNetCompiler.ForceOverwrite = "true"
		Release.AspNetCompiler.FixedNames = "false"
		Release.AspNetCompiler.Debug = "False"
		SlnRelativePath = "Infos.Padelma.Web\LogisticaInfos\"
	EndProjectSection
EndProject
Project("{E24C65DC-7377-472B-9ABA-BC803B73C61A}") = "MenuInfos", "http://dev.padelma.infos.com/MenuInfos", "{82EA533A-3881-498F-9204-D6902D7D3330}"
	ProjectSection(WebsiteProperties) = preProject
		UseIISExpress = "false"
		TargetFrameworkMoniker = ".NETFramework,Version%3Dv4.5"
		Debug.AspNetCompiler.VirtualPath = "/MenuInfos"
		Debug.AspNetCompiler.PhysicalPath = "Infos.Padelma.Web\MenuInfos\"
		Debug.AspNetCompiler.TargetPath = "PrecompiledWeb\MenuInfos\"
		Debug.AspNetCompiler.Updateable = "true"
		Debug.AspNetCompiler.ForceOverwrite = "true"
		Debug.AspNetCompiler.FixedNames = "false"
		Debug.AspNetCompiler.Debug = "True"
		Release.AspNetCompiler.VirtualPath = "/MenuInfos"
		Release.AspNetCompiler.PhysicalPath = "Infos.Padelma.Web\MenuInfos\"
		Release.AspNetCompiler.TargetPath = "PrecompiledWeb\MenuInfos\"
		Release.AspNetCompiler.Updateable = "true"
		Release.AspNetCompiler.ForceOverwrite = "true"
		Release.AspNetCompiler.FixedNames = "false"
		Release.AspNetCompiler.Debug = "False"
		SlnRelativePath = "Infos.Padelma.Web\MenuInfos\"
	EndProjectSection
EndProject
Project("{E24C65DC-7377-472B-9ABA-BC803B73C61A}") = "NominaInfos", "http://dev.padelma.infos.com/NominaInfos", "{13971316-B1CD-4E22-8379-817727C7B9A0}"
	ProjectSection(WebsiteProperties) = preProject
		UseIISExpress = "false"
		TargetFrameworkMoniker = ".NETFramework,Version%3Dv4.5"
		Debug.AspNetCompiler.VirtualPath = "/NominaInfos"
		Debug.AspNetCompiler.PhysicalPath = "Infos.Padelma.Web\NominaInfos\"
		Debug.AspNetCompiler.TargetPath = "PrecompiledWeb\NominaInfos\"
		Debug.AspNetCompiler.Updateable = "true"
		Debug.AspNetCompiler.ForceOverwrite = "true"
		Debug.AspNetCompiler.FixedNames = "false"
		Debug.AspNetCompiler.Debug = "True"
		Release.AspNetCompiler.VirtualPath = "/NominaInfos"
		Release.AspNetCompiler.PhysicalPath = "Infos.Padelma.Web\NominaInfos\"
		Release.AspNetCompiler.TargetPath = "PrecompiledWeb\NominaInfos\"
		Release.AspNetCompiler.Updateable = "true"
		Release.AspNetCompiler.ForceOverwrite = "true"
		Release.AspNetCompiler.FixedNames = "false"
		Release.AspNetCompiler.Debug = "False"
		SlnRelativePath = "Infos.Padelma.Web\NominaInfos\"
	EndProjectSection
EndProject
Project("{E24C65DC-7377-472B-9ABA-BC803B73C61A}") = "PorteriaInfos", "http://dev.padelma.infos.com/PorteriaInfos", "{2CD4697B-2805-4CC8-B538-CF614656F6B8}"
	ProjectSection(WebsiteProperties) = preProject
		UseIISExpress = "false"
		TargetFrameworkMoniker = ".NETFramework,Version%3Dv4.5"
		Debug.AspNetCompiler.VirtualPath = "/PorteriaInfos"
		Debug.AspNetCompiler.PhysicalPath = "Infos.Padelma.Web\PorteriaInfos\"
		Debug.AspNetCompiler.TargetPath = "PrecompiledWeb\PorteriaInfos\"
		Debug.AspNetCompiler.Updateable = "true"
		Debug.AspNetCompiler.ForceOverwrite = "true"
		Debug.AspNetCompiler.FixedNames = "false"
		Debug.AspNetCompiler.Debug = "True"
		Release.AspNetCompiler.VirtualPath = "/PorteriaInfos"
		Release.AspNetCompiler.PhysicalPath = "Infos.Padelma.Web\PorteriaInfos\"
		Release.AspNetCompiler.TargetPath = "PrecompiledWeb\PorteriaInfos\"
		Release.AspNetCompiler.Updateable = "true"
		Release.AspNetCompiler.ForceOverwrite = "true"
		Release.AspNetCompiler.FixedNames = "false"
		Release.AspNetCompiler.Debug = "False"
		SlnRelativePath = "Infos.Padelma.Web\PorteriaInfos\"
	EndProjectSection
EndProject
Project("{E24C65DC-7377-472B-9ABA-BC803B73C61A}") = "ProduccionInfos", "http://dev.padelma.infos.com/ProduccionInfos", "{15F9F0E1-F5D8-492E-B8F9-EA560CE7E9B0}"
	ProjectSection(WebsiteProperties) = preProject
		UseIISExpress = "false"
		TargetFrameworkMoniker = ".NETFramework,Version%3Dv4.5"
		Debug.AspNetCompiler.VirtualPath = "/ProduccionInfos"
		Debug.AspNetCompiler.PhysicalPath = "Infos.Padelma.Web\ProduccionInfos\"
		Debug.AspNetCompiler.TargetPath = "PrecompiledWeb\ProduccionInfos\"
		Debug.AspNetCompiler.Updateable = "true"
		Debug.AspNetCompiler.ForceOverwrite = "true"
		Debug.AspNetCompiler.FixedNames = "false"
		Debug.AspNetCompiler.Debug = "True"
		Release.AspNetCompiler.VirtualPath = "/ProduccionInfos"
		Release.AspNetCompiler.PhysicalPath = "Infos.Padelma.Web\ProduccionInfos\"
		Release.AspNetCompiler.TargetPath = "PrecompiledWeb\ProduccionInfos\"
		Release.AspNetCompiler.Updateable = "true"
		Release.AspNetCompiler.ForceOverwrite = "true"
		Release.AspNetCompiler.FixedNames = "false"
		Release.AspNetCompiler.Debug = "False"
		SlnRelativePath = "Infos.Padelma.Web\ProduccionInfos\"
	EndProjectSection
EndProject
Project("{E24C65DC-7377-472B-9ABA-BC803B73C61A}") = "SecurityWS", "http://dev.padelma.infos.com/SecurityWS", "{2044F88C-5E4F-4AF3-8F61-E81919260DFE}"
	ProjectSection(WebsiteProperties) = preProject
		UseIISExpress = "false"
		TargetFrameworkMoniker = ".NETFramework,Version%3Dv4.5"
		Debug.AspNetCompiler.VirtualPath = "/SecurityWS"
		Debug.AspNetCompiler.PhysicalPath = "Infos.Padelma.Web\SecurityWS\"
		Debug.AspNetCompiler.TargetPath = "PrecompiledWeb\SecurityWS\"
		Debug.AspNetCompiler.Updateable = "true"
		Debug.AspNetCompiler.ForceOverwrite = "true"
		Debug.AspNetCompiler.FixedNames = "false"
		Debug.AspNetCompiler.Debug = "True"
		Release.AspNetCompiler.VirtualPath = "/SecurityWS"
		Release.AspNetCompiler.PhysicalPath = "Infos.Padelma.Web\SecurityWS\"
		Release.AspNetCompiler.TargetPath = "PrecompiledWeb\SecurityWS\"
		Release.AspNetCompiler.Updateable = "true"
		Release.AspNetCompiler.ForceOverwrite = "true"
		Release.AspNetCompiler.FixedNames = "false"
		Release.AspNetCompiler.Debug = "False"
		SlnRelativePath = "Infos.Padelma.Web\SecurityWS\"
	EndProjectSection
EndProject
Project("{E24C65DC-7377-472B-9ABA-BC803B73C61A}") = "ServicioBasculaWS", "http://dev.padelma.infos.com/ServicioBasculaWS", "{BEB4666D-AEE5-40CE-BACA-7E9F1C164F9A}"
	ProjectSection(WebsiteProperties) = preProject
		UseIISExpress = "false"
		TargetFrameworkMoniker = ".NETFramework,Version%3Dv4.5"
		Debug.AspNetCompiler.VirtualPath = "/ServicioBasculaWS"
		Debug.AspNetCompiler.PhysicalPath = "Infos.Padelma.Web\ServicioBasculaWS\"
		Debug.AspNetCompiler.TargetPath = "PrecompiledWeb\ServicioBasculaWS\"
		Debug.AspNetCompiler.Updateable = "true"
		Debug.AspNetCompiler.ForceOverwrite = "true"
		Debug.AspNetCompiler.FixedNames = "false"
		Debug.AspNetCompiler.Debug = "True"
		Release.AspNetCompiler.VirtualPath = "/ServicioBasculaWS"
		Release.AspNetCompiler.PhysicalPath = "Infos.Padelma.Web\ServicioBasculaWS\"
		Release.AspNetCompiler.TargetPath = "PrecompiledWeb\ServicioBasculaWS\"
		Release.AspNetCompiler.Updateable = "true"
		Release.AspNetCompiler.ForceOverwrite = "true"
		Release.AspNetCompiler.FixedNames = "false"
		Release.AspNetCompiler.Debug = "False"
		SlnRelativePath = "Infos.Padelma.Web\ServicioBasculaWS\"
	EndProjectSection
EndProject
Project("{E24C65DC-7377-472B-9ABA-BC803B73C61A}") = "TarimaInfos", "http://dev.padelma.infos.com/TarimaInfos", "{D52A9FB1-040D-4C91-99BF-B7F327F433B4}"
	ProjectSection(WebsiteProperties) = preProject
		UseIISExpress = "false"
		TargetFrameworkMoniker = ".NETFramework,Version%3Dv4.5"
		Debug.AspNetCompiler.VirtualPath = "/TarimaInfos"
		Debug.AspNetCompiler.PhysicalPath = "Infos.Padelma.Web\TarimaInfos\"
		Debug.AspNetCompiler.TargetPath = "PrecompiledWeb\TarimaInfos\"
		Debug.AspNetCompiler.Updateable = "true"
		Debug.AspNetCompiler.ForceOverwrite = "true"
		Debug.AspNetCompiler.FixedNames = "false"
		Debug.AspNetCompiler.Debug = "True"
		Release.AspNetCompiler.VirtualPath = "/TarimaInfos"
		Release.AspNetCompiler.PhysicalPath = "Infos.Padelma.Web\TarimaInfos\"
		Release.AspNetCompiler.TargetPath = "PrecompiledWeb\TarimaInfos\"
		Release.AspNetCompiler.Updateable = "true"
		Release.AspNetCompiler.ForceOverwrite = "true"
		Release.AspNetCompiler.FixedNames = "false"
		Release.AspNetCompiler.Debug = "False"
		SlnRelativePath = "Infos.Padelma.Web\TarimaInfos\"
	EndProjectSection
EndProject
Project("{E24C65DC-7377-472B-9ABA-BC803B73C61A}") = "TarimaPadelma", "http://dev.padelma.infos.com/TarimaPadelma", "{B5888EFA-3307-4DDD-8C47-8652519DC0E8}"
	ProjectSection(WebsiteProperties) = preProject
		UseIISExpress = "false"
		TargetFrameworkMoniker = ".NETFramework,Version%3Dv4.5"
		Debug.AspNetCompiler.VirtualPath = "/TarimaPadelma"
		Debug.AspNetCompiler.PhysicalPath = "Infos.Padelma.Web\TarimaPadelma\"
		Debug.AspNetCompiler.TargetPath = "PrecompiledWeb\TarimaPadelma\"
		Debug.AspNetCompiler.Updateable = "true"
		Debug.AspNetCompiler.ForceOverwrite = "true"
		Debug.AspNetCompiler.FixedNames = "false"
		Debug.AspNetCompiler.Debug = "True"
		Release.AspNetCompiler.VirtualPath = "/TarimaPadelma"
		Release.AspNetCompiler.PhysicalPath = "Infos.Padelma.Web\TarimaPadelma\"
		Release.AspNetCompiler.TargetPath = "PrecompiledWeb\TarimaPadelma\"
		Release.AspNetCompiler.Updateable = "true"
		Release.AspNetCompiler.ForceOverwrite = "true"
		Release.AspNetCompiler.FixedNames = "false"
		Release.AspNetCompiler.Debug = "False"
		SlnRelativePath = "Infos.Padelma.Web\TarimaPadelma\"
	EndProjectSection
EndProject
Project("{E24C65DC-7377-472B-9ABA-BC803B73C61A}") = "RecursosInfos", "http://dev.padelma.infos.com/RecursosInfos", "{8911E314-BB8D-4FDC-B398-047BD353CA64}"
	ProjectSection(WebsiteProperties) = preProject
		UseIISExpress = "false"
		TargetFrameworkMoniker = ".NETFramework,Version%3Dv4.5"
		Debug.AspNetCompiler.VirtualPath = "/RecursosInfos"
		Debug.AspNetCompiler.PhysicalPath = "Infos.Padelma.Web\RecursosInfos\"
		Debug.AspNetCompiler.TargetPath = "PrecompiledWeb\RecursosInfos\"
		Debug.AspNetCompiler.Updateable = "true"
		Debug.AspNetCompiler.ForceOverwrite = "true"
		Debug.AspNetCompiler.FixedNames = "false"
		Debug.AspNetCompiler.Debug = "True"
		Release.AspNetCompiler.VirtualPath = "/RecursosInfos"
		Release.AspNetCompiler.PhysicalPath = "Infos.Padelma.Web\RecursosInfos\"
		Release.AspNetCompiler.TargetPath = "PrecompiledWeb\RecursosInfos\"
		Release.AspNetCompiler.Updateable = "true"
		Release.AspNetCompiler.ForceOverwrite = "true"
		Release.AspNetCompiler.FixedNames = "false"
		Release.AspNetCompiler.Debug = "False"
		SlnRelativePath = "Infos.Padelma.Web\RecursosInfos\"
	EndProjectSection
EndProject
Global
	GlobalSection(SolutionConfigurationPlatforms) = preSolution
		Debug|Any CPU = Debug|Any CPU
		DebugLocal|Any CPU = DebugLocal|Any CPU
		Release|Any CPU = Release|Any CPU
	EndGlobalSection
	GlobalSection(ProjectConfigurationPlatforms) = postSolution
		{7916B609-F260-4232-92D7-6374C8C41897}.Debug|Any CPU.ActiveCfg = Debug|Any CPU
		{7916B609-F260-4232-92D7-6374C8C41897}.Debug|Any CPU.Build.0 = Debug|Any CPU
		{7916B609-F260-4232-92D7-6374C8C41897}.Debug|Any CPU.Deploy.0 = Debug|Any CPU
		{7916B609-F260-4232-92D7-6374C8C41897}.DebugLocal|Any CPU.ActiveCfg = Debug|Any CPU
		{7916B609-F260-4232-92D7-6374C8C41897}.Release|Any CPU.ActiveCfg = Release|Any CPU
		{7916B609-F260-4232-92D7-6374C8C41897}.Release|Any CPU.Build.0 = Release|Any CPU
		{7916B609-F260-4232-92D7-6374C8C41897}.Release|Any CPU.Deploy.0 = Release|Any CPU
		{CA17AA40-C6AA-4C9A-BEA5-F7D7853E17B0}.Debug|Any CPU.ActiveCfg = Debug
		{CA17AA40-C6AA-4C9A-BEA5-F7D7853E17B0}.Debug|Any CPU.Build.0 = Debug
		{CA17AA40-C6AA-4C9A-BEA5-F7D7853E17B0}.Debug|Any CPU.Deploy.0 = Debug
		{CA17AA40-C6AA-4C9A-BEA5-F7D7853E17B0}.DebugLocal|Any CPU.ActiveCfg = DebugLocal
		{CA17AA40-C6AA-4C9A-BEA5-F7D7853E17B0}.DebugLocal|Any CPU.Build.0 = DebugLocal
		{CA17AA40-C6AA-4C9A-BEA5-F7D7853E17B0}.Release|Any CPU.ActiveCfg = Release
		{CA17AA40-C6AA-4C9A-BEA5-F7D7853E17B0}.Release|Any CPU.Build.0 = Release
		{CA17AA40-C6AA-4C9A-BEA5-F7D7853E17B0}.Release|Any CPU.Deploy.0 = Release
		{853D30C9-E750-485E-B76A-B2F37C073436}.Debug|Any CPU.ActiveCfg = Debug|Any CPU
		{853D30C9-E750-485E-B76A-B2F37C073436}.Debug|Any CPU.Build.0 = Debug|Any CPU
		{853D30C9-E750-485E-B76A-B2F37C073436}.DebugLocal|Any CPU.ActiveCfg = Debug|Any CPU
		{853D30C9-E750-485E-B76A-B2F37C073436}.DebugLocal|Any CPU.Build.0 = Debug|Any CPU
		{853D30C9-E750-485E-B76A-B2F37C073436}.Release|Any CPU.ActiveCfg = Debug|Any CPU
		{853D30C9-E750-485E-B76A-B2F37C073436}.Release|Any CPU.Build.0 = Debug|Any CPU
		{40F8D6D1-5CD5-415A-BE16-7E2147A176ED}.Debug|Any CPU.ActiveCfg = Debug|Any CPU
		{40F8D6D1-5CD5-415A-BE16-7E2147A176ED}.Debug|Any CPU.Build.0 = Debug|Any CPU
		{40F8D6D1-5CD5-415A-BE16-7E2147A176ED}.DebugLocal|Any CPU.ActiveCfg = Debug|Any CPU
		{40F8D6D1-5CD5-415A-BE16-7E2147A176ED}.DebugLocal|Any CPU.Build.0 = Debug|Any CPU
		{40F8D6D1-5CD5-415A-BE16-7E2147A176ED}.Release|Any CPU.ActiveCfg = Debug|Any CPU
		{40F8D6D1-5CD5-415A-BE16-7E2147A176ED}.Release|Any CPU.Build.0 = Debug|Any CPU
		{4B997241-075E-4B08-B89E-D457EF69B056}.Debug|Any CPU.ActiveCfg = Debug|Any CPU
		{4B997241-075E-4B08-B89E-D457EF69B056}.Debug|Any CPU.Build.0 = Debug|Any CPU
		{4B997241-075E-4B08-B89E-D457EF69B056}.DebugLocal|Any CPU.ActiveCfg = Debug|Any CPU
		{4B997241-075E-4B08-B89E-D457EF69B056}.DebugLocal|Any CPU.Build.0 = Debug|Any CPU
		{4B997241-075E-4B08-B89E-D457EF69B056}.Release|Any CPU.ActiveCfg = Debug|Any CPU
		{4B997241-075E-4B08-B89E-D457EF69B056}.Release|Any CPU.Build.0 = Debug|Any CPU
		{15054C82-F9F7-4986-8CAA-12EEBFBDA75D}.Debug|Any CPU.ActiveCfg = Debug|Any CPU
		{15054C82-F9F7-4986-8CAA-12EEBFBDA75D}.Debug|Any CPU.Build.0 = Debug|Any CPU
		{15054C82-F9F7-4986-8CAA-12EEBFBDA75D}.DebugLocal|Any CPU.ActiveCfg = Debug|Any CPU
		{15054C82-F9F7-4986-8CAA-12EEBFBDA75D}.DebugLocal|Any CPU.Build.0 = Debug|Any CPU
		{15054C82-F9F7-4986-8CAA-12EEBFBDA75D}.Release|Any CPU.ActiveCfg = Debug|Any CPU
		{15054C82-F9F7-4986-8CAA-12EEBFBDA75D}.Release|Any CPU.Build.0 = Debug|Any CPU
		{C8C03350-D3C6-4D3A-AF86-FBED1ADD0634}.Debug|Any CPU.ActiveCfg = Debug|Any CPU
		{C8C03350-D3C6-4D3A-AF86-FBED1ADD0634}.Debug|Any CPU.Build.0 = Debug|Any CPU
		{C8C03350-D3C6-4D3A-AF86-FBED1ADD0634}.DebugLocal|Any CPU.ActiveCfg = Debug|Any CPU
		{C8C03350-D3C6-4D3A-AF86-FBED1ADD0634}.DebugLocal|Any CPU.Build.0 = Debug|Any CPU
		{C8C03350-D3C6-4D3A-AF86-FBED1ADD0634}.Release|Any CPU.ActiveCfg = Debug|Any CPU
		{C8C03350-D3C6-4D3A-AF86-FBED1ADD0634}.Release|Any CPU.Build.0 = Debug|Any CPU
		{E9A1A1A4-32A0-47BD-A393-85C0561BE34C}.Debug|Any CPU.ActiveCfg = Debug|Any CPU
		{E9A1A1A4-32A0-47BD-A393-85C0561BE34C}.Debug|Any CPU.Build.0 = Debug|Any CPU
		{E9A1A1A4-32A0-47BD-A393-85C0561BE34C}.DebugLocal|Any CPU.ActiveCfg = Debug|Any CPU
		{E9A1A1A4-32A0-47BD-A393-85C0561BE34C}.DebugLocal|Any CPU.Build.0 = Debug|Any CPU
		{E9A1A1A4-32A0-47BD-A393-85C0561BE34C}.Release|Any CPU.ActiveCfg = Debug|Any CPU
		{E9A1A1A4-32A0-47BD-A393-85C0561BE34C}.Release|Any CPU.Build.0 = Debug|Any CPU
		{D196DAC0-9918-4A26-AF83-EB2EBB974C54}.Debug|Any CPU.ActiveCfg = Debug|Any CPU
		{D196DAC0-9918-4A26-AF83-EB2EBB974C54}.Debug|Any CPU.Build.0 = Debug|Any CPU
		{D196DAC0-9918-4A26-AF83-EB2EBB974C54}.DebugLocal|Any CPU.ActiveCfg = Debug|Any CPU
		{D196DAC0-9918-4A26-AF83-EB2EBB974C54}.DebugLocal|Any CPU.Build.0 = Debug|Any CPU
		{D196DAC0-9918-4A26-AF83-EB2EBB974C54}.Release|Any CPU.ActiveCfg = Debug|Any CPU
		{D196DAC0-9918-4A26-AF83-EB2EBB974C54}.Release|Any CPU.Build.0 = Debug|Any CPU
		{CD30D8FC-4560-48E3-A7DF-DAF885629CEF}.Debug|Any CPU.ActiveCfg = Debug|Any CPU
		{CD30D8FC-4560-48E3-A7DF-DAF885629CEF}.Debug|Any CPU.Build.0 = Debug|Any CPU
		{CD30D8FC-4560-48E3-A7DF-DAF885629CEF}.DebugLocal|Any CPU.ActiveCfg = Debug|Any CPU
		{CD30D8FC-4560-48E3-A7DF-DAF885629CEF}.DebugLocal|Any CPU.Build.0 = Debug|Any CPU
		{CD30D8FC-4560-48E3-A7DF-DAF885629CEF}.Release|Any CPU.ActiveCfg = Debug|Any CPU
		{CD30D8FC-4560-48E3-A7DF-DAF885629CEF}.Release|Any CPU.Build.0 = Debug|Any CPU
		{99C0BBC2-7113-49DC-99C5-15D8A352C513}.Debug|Any CPU.ActiveCfg = Debug|Any CPU
		{99C0BBC2-7113-49DC-99C5-15D8A352C513}.Debug|Any CPU.Build.0 = Debug|Any CPU
		{99C0BBC2-7113-49DC-99C5-15D8A352C513}.DebugLocal|Any CPU.ActiveCfg = Debug|Any CPU
		{99C0BBC2-7113-49DC-99C5-15D8A352C513}.DebugLocal|Any CPU.Build.0 = Debug|Any CPU
		{99C0BBC2-7113-49DC-99C5-15D8A352C513}.Release|Any CPU.ActiveCfg = Debug|Any CPU
		{99C0BBC2-7113-49DC-99C5-15D8A352C513}.Release|Any CPU.Build.0 = Debug|Any CPU
		{086FC885-2CEC-44C3-9984-7AB9FF46850B}.Debug|Any CPU.ActiveCfg = Debug|Any CPU
		{086FC885-2CEC-44C3-9984-7AB9FF46850B}.Debug|Any CPU.Build.0 = Debug|Any CPU
		{086FC885-2CEC-44C3-9984-7AB9FF46850B}.DebugLocal|Any CPU.ActiveCfg = Debug|Any CPU
		{086FC885-2CEC-44C3-9984-7AB9FF46850B}.DebugLocal|Any CPU.Build.0 = Debug|Any CPU
		{086FC885-2CEC-44C3-9984-7AB9FF46850B}.Release|Any CPU.ActiveCfg = Debug|Any CPU
		{086FC885-2CEC-44C3-9984-7AB9FF46850B}.Release|Any CPU.Build.0 = Debug|Any CPU
		{99F45C10-CA7A-4444-A3F8-9806D3C61015}.Debug|Any CPU.ActiveCfg = Debug|Any CPU
		{99F45C10-CA7A-4444-A3F8-9806D3C61015}.Debug|Any CPU.Build.0 = Debug|Any CPU
		{99F45C10-CA7A-4444-A3F8-9806D3C61015}.DebugLocal|Any CPU.ActiveCfg = Debug|Any CPU
		{99F45C10-CA7A-4444-A3F8-9806D3C61015}.DebugLocal|Any CPU.Build.0 = Debug|Any CPU
		{99F45C10-CA7A-4444-A3F8-9806D3C61015}.Release|Any CPU.ActiveCfg = Debug|Any CPU
		{99F45C10-CA7A-4444-A3F8-9806D3C61015}.Release|Any CPU.Build.0 = Debug|Any CPU
		{82EA533A-3881-498F-9204-D6902D7D3330}.Debug|Any CPU.ActiveCfg = Debug|Any CPU
		{82EA533A-3881-498F-9204-D6902D7D3330}.Debug|Any CPU.Build.0 = Debug|Any CPU
		{82EA533A-3881-498F-9204-D6902D7D3330}.DebugLocal|Any CPU.ActiveCfg = Debug|Any CPU
		{82EA533A-3881-498F-9204-D6902D7D3330}.DebugLocal|Any CPU.Build.0 = Debug|Any CPU
		{82EA533A-3881-498F-9204-D6902D7D3330}.Release|Any CPU.ActiveCfg = Debug|Any CPU
		{82EA533A-3881-498F-9204-D6902D7D3330}.Release|Any CPU.Build.0 = Debug|Any CPU
		{13971316-B1CD-4E22-8379-817727C7B9A0}.Debug|Any CPU.ActiveCfg = Debug|Any CPU
		{13971316-B1CD-4E22-8379-817727C7B9A0}.Debug|Any CPU.Build.0 = Debug|Any CPU
		{13971316-B1CD-4E22-8379-817727C7B9A0}.DebugLocal|Any CPU.ActiveCfg = Debug|Any CPU
		{13971316-B1CD-4E22-8379-817727C7B9A0}.DebugLocal|Any CPU.Build.0 = Debug|Any CPU
		{13971316-B1CD-4E22-8379-817727C7B9A0}.Release|Any CPU.ActiveCfg = Debug|Any CPU
		{13971316-B1CD-4E22-8379-817727C7B9A0}.Release|Any CPU.Build.0 = Debug|Any CPU
		{2CD4697B-2805-4CC8-B538-CF614656F6B8}.Debug|Any CPU.ActiveCfg = Debug|Any CPU
		{2CD4697B-2805-4CC8-B538-CF614656F6B8}.Debug|Any CPU.Build.0 = Debug|Any CPU
		{2CD4697B-2805-4CC8-B538-CF614656F6B8}.DebugLocal|Any CPU.ActiveCfg = Debug|Any CPU
		{2CD4697B-2805-4CC8-B538-CF614656F6B8}.DebugLocal|Any CPU.Build.0 = Debug|Any CPU
		{2CD4697B-2805-4CC8-B538-CF614656F6B8}.Release|Any CPU.ActiveCfg = Debug|Any CPU
		{2CD4697B-2805-4CC8-B538-CF614656F6B8}.Release|Any CPU.Build.0 = Debug|Any CPU
		{15F9F0E1-F5D8-492E-B8F9-EA560CE7E9B0}.Debug|Any CPU.ActiveCfg = Debug|Any CPU
		{15F9F0E1-F5D8-492E-B8F9-EA560CE7E9B0}.Debug|Any CPU.Build.0 = Debug|Any CPU
		{15F9F0E1-F5D8-492E-B8F9-EA560CE7E9B0}.DebugLocal|Any CPU.ActiveCfg = Debug|Any CPU
		{15F9F0E1-F5D8-492E-B8F9-EA560CE7E9B0}.DebugLocal|Any CPU.Build.0 = Debug|Any CPU
		{15F9F0E1-F5D8-492E-B8F9-EA560CE7E9B0}.Release|Any CPU.ActiveCfg = Debug|Any CPU
		{15F9F0E1-F5D8-492E-B8F9-EA560CE7E9B0}.Release|Any CPU.Build.0 = Debug|Any CPU
		{2044F88C-5E4F-4AF3-8F61-E81919260DFE}.Debug|Any CPU.ActiveCfg = Debug|Any CPU
		{2044F88C-5E4F-4AF3-8F61-E81919260DFE}.Debug|Any CPU.Build.0 = Debug|Any CPU
		{2044F88C-5E4F-4AF3-8F61-E81919260DFE}.DebugLocal|Any CPU.ActiveCfg = Debug|Any CPU
		{2044F88C-5E4F-4AF3-8F61-E81919260DFE}.DebugLocal|Any CPU.Build.0 = Debug|Any CPU
		{2044F88C-5E4F-4AF3-8F61-E81919260DFE}.Release|Any CPU.ActiveCfg = Debug|Any CPU
		{2044F88C-5E4F-4AF3-8F61-E81919260DFE}.Release|Any CPU.Build.0 = Debug|Any CPU
		{BEB4666D-AEE5-40CE-BACA-7E9F1C164F9A}.Debug|Any CPU.ActiveCfg = Debug|Any CPU
		{BEB4666D-AEE5-40CE-BACA-7E9F1C164F9A}.Debug|Any CPU.Build.0 = Debug|Any CPU
		{BEB4666D-AEE5-40CE-BACA-7E9F1C164F9A}.DebugLocal|Any CPU.ActiveCfg = Debug|Any CPU
		{BEB4666D-AEE5-40CE-BACA-7E9F1C164F9A}.DebugLocal|Any CPU.Build.0 = Debug|Any CPU
		{BEB4666D-AEE5-40CE-BACA-7E9F1C164F9A}.Release|Any CPU.ActiveCfg = Debug|Any CPU
		{BEB4666D-AEE5-40CE-BACA-7E9F1C164F9A}.Release|Any CPU.Build.0 = Debug|Any CPU
		{D52A9FB1-040D-4C91-99BF-B7F327F433B4}.Debug|Any CPU.ActiveCfg = Debug|Any CPU
		{D52A9FB1-040D-4C91-99BF-B7F327F433B4}.Debug|Any CPU.Build.0 = Debug|Any CPU
		{D52A9FB1-040D-4C91-99BF-B7F327F433B4}.DebugLocal|Any CPU.ActiveCfg = Debug|Any CPU
		{D52A9FB1-040D-4C91-99BF-B7F327F433B4}.DebugLocal|Any CPU.Build.0 = Debug|Any CPU
		{D52A9FB1-040D-4C91-99BF-B7F327F433B4}.Release|Any CPU.ActiveCfg = Debug|Any CPU
		{D52A9FB1-040D-4C91-99BF-B7F327F433B4}.Release|Any CPU.Build.0 = Debug|Any CPU
		{B5888EFA-3307-4DDD-8C47-8652519DC0E8}.Debug|Any CPU.ActiveCfg = Debug|Any CPU
		{B5888EFA-3307-4DDD-8C47-8652519DC0E8}.Debug|Any CPU.Build.0 = Debug|Any CPU
		{B5888EFA-3307-4DDD-8C47-8652519DC0E8}.DebugLocal|Any CPU.ActiveCfg = Debug|Any CPU
		{B5888EFA-3307-4DDD-8C47-8652519DC0E8}.DebugLocal|Any CPU.Build.0 = Debug|Any CPU
		{B5888EFA-3307-4DDD-8C47-8652519DC0E8}.Release|Any CPU.ActiveCfg = Debug|Any CPU
		{B5888EFA-3307-4DDD-8C47-8652519DC0E8}.Release|Any CPU.Build.0 = Debug|Any CPU
		{8911E314-BB8D-4FDC-B398-047BD353CA64}.Debug|Any CPU.ActiveCfg = Debug|Any CPU
		{8911E314-BB8D-4FDC-B398-047BD353CA64}.Debug|Any CPU.Build.0 = Debug|Any CPU
		{8911E314-BB8D-4FDC-B398-047BD353CA64}.DebugLocal|Any CPU.ActiveCfg = Debug|Any CPU
		{8911E314-BB8D-4FDC-B398-047BD353CA64}.DebugLocal|Any CPU.Build.0 = Debug|Any CPU
		{8911E314-BB8D-4FDC-B398-047BD353CA64}.Release|Any CPU.ActiveCfg = Debug|Any CPU
		{8911E314-BB8D-4FDC-B398-047BD353CA64}.Release|Any CPU.Build.0 = Debug|Any CPU
	EndGlobalSection
	GlobalSection(SolutionProperties) = preSolution
		HideSolutionNode = FALSE
	EndGlobalSection
	GlobalSection(ExtensibilityGlobals) = postSolution
		EnterpriseLibraryConfigurationToolBinariesPathV6 = packages\EnterpriseLibrary.Common.6.0.1304.0\lib\NET45;packages\EnterpriseLibrary.Data.6.0.1304.0\lib\NET45
	EndGlobalSection
EndGlobal
