
Microsoft Visual Studio Solution File, Format Version 12.00
# Visual Studio 14
VisualStudioVersion = 14.0.23107.0
MinimumVisualStudioVersion = 10.0.40219.1
Project("{F14B399A-7131-4C87-9E4B-1186C45EF12D}") = "Infos.Padelma.ReportService", "Infos.Padelma.ReportService\Infos.Padelma.ReportService.rptproj", "{F7957A83-7EA4-4EA9-BC7D-0A159001FB2A}"
EndProject
Global
	GlobalSection(SolutionConfigurationPlatforms) = preSolution
		Debug|Default = Debug|Default
		DebugLocal|Default = DebugLocal|Default
		Release|Default = Release|Default
	EndGlobalSection
	GlobalSection(ProjectConfigurationPlatforms) = postSolution
		{F7957A83-7EA4-4EA9-BC7D-0A159001FB2A}.Debug|Default.ActiveCfg = Debug
		{F7957A83-7EA4-4EA9-BC7D-0A159001FB2A}.Debug|Default.Build.0 = Debug
		{F7957A83-7EA4-4EA9-BC7D-0A159001FB2A}.Debug|Default.Deploy.0 = Debug
		{F7957A83-7EA4-4EA9-BC7D-0A159001FB2A}.DebugLocal|Default.ActiveCfg = DebugLocal
		{F7957A83-7EA4-4EA9-BC7D-0A159001FB2A}.DebugLocal|Default.Build.0 = DebugLocal
		{F7957A83-7EA4-4EA9-BC7D-0A159001FB2A}.Release|Default.ActiveCfg = Release
		{F7957A83-7EA4-4EA9-BC7D-0A159001FB2A}.Release|Default.Build.0 = Release
		{F7957A83-7EA4-4EA9-BC7D-0A159001FB2A}.Release|Default.Deploy.0 = Release
	EndGlobalSection
	GlobalSection(SolutionProperties) = preSolution
		HideSolutionNode = FALSE
	EndGlobalSection
EndGlobal
